
Microsoft Visual Studio Solution File, Format Version 12.00
# Visual Studio Version 17
VisualStudioVersion = 17.14.37516.0 d17.14
MinimumVisualStudioVersion = 10.0.40219.1
Project("{FAE04EC0-301F-11D3-BF4B-00C04F79EFBC}") = "CutiApp", "CutiApp.csproj", "{D414ED3D-7CE0-4D76-AB75-24916F26B21C}"
EndProject
Global
	GlobalSection(SolutionConfigurationPlatforms) = preSolution
		Debug|Any CPU = Debug|Any CPU
		Release|Any CPU = Release|Any CPU
	EndGlobalSection
	GlobalSection(ProjectConfigurationPlatforms) = postSolution
		{D414ED3D-7CE0-4D76-AB75-24916F26B21C}.Debug|Any CPU.ActiveCfg = Debug|Any CPU
		{D414ED3D-7CE0-4D76-AB75-24916F26B21C}.Debug|Any CPU.Build.0 = Debug|Any CPU
		{D414ED3D-7CE0-4D76-AB75-24916F26B21C}.Release|Any CPU.ActiveCfg = Release|Any CPU
		{D414ED3D-7CE0-4D76-AB75-24916F26B21C}.Release|Any CPU.Build.0 = Release|Any CPU
	EndGlobalSection
	GlobalSection(SolutionProperties) = preSolution
		HideSolutionNode = FALSE
	EndGlobalSection
	GlobalSection(ExtensibilityGlobals) = postSolution
		SolutionGuid = {65FDF14E-16EB-4C16-A6C8-784298A38557}
	EndGlobalSection
EndGlobal
